
Microsoft Visual Studio Solution File, Format Version 12.00
# Visual Studio 14
VisualStudioVersion = 14.0.25123.0
MinimumVisualStudioVersion = 10.0.40219.1
Project("{8BC9CEB8-8B4A-11D0-8D11-00A0C91BC942}") = "OP2Helper", "OP2MissionSDK\OP2Helper\OP2Helper.vcxproj", "{0B520C87-4CFD-4A4D-ABD4-F87D26DF9AAD}"
EndProject
Project("{8BC9CEB8-8B4A-11D0-8D11-00A0C91BC942}") = "Outpost2DLL", "OP2MissionSDK\Outpost2DLL\Outpost2DLL.vcxproj", "{B3F40368-F3CC-4EC5-A758-F5DAD08FEDDC}"
EndProject
Project("{8BC9CEB8-8B4A-11D0-8D11-00A0C91BC942}") = "RescueEscort", "RescueEscort.vcxproj", "{CB7579F0-281E-4E06-BBC9-76F35D61A1D7}"
	ProjectSection(ProjectDependencies) = postProject
		{DBD75B87-48F3-41D1-8694-1824F49B498B} = {DBD75B87-48F3-41D1-8694-1824F49B498B}
	EndProjectSection
EndProject
Project("{8BC9CEB8-8B4A-11D0-8D11-00A0C91BC942}") = "HFL", "OP2MissionSDK\HFL\Source\HFL.vcxproj", "{0FC43A25-FB89-4258-849B-CB3C0A061E0D}"
EndProject
Project("{8BC9CEB8-8B4A-11D0-8D11-00A0C91BC942}") = "RescueEscortCore", "RescueEscortCore\RescueEscortCore.vcxproj", "{DBD75B87-48F3-41D1-8694-1824F49B498B}"
EndProject
Project("{8BC9CEB8-8B4A-11D0-8D11-00A0C91BC942}") = "RescueEscortMultiplayer", "RescueEscortMultiplayer\RescueEscortMultiplayer.vcxproj", "{A3791821-7C9C-4CF9-9B3F-CD9659C8D4C5}"
EndProject
Global
	GlobalSection(SolutionConfigurationPlatforms) = preSolution
		Debug|Win32 = Debug|Win32
		Release|Win32 = Release|Win32
	EndGlobalSection
	GlobalSection(ProjectConfigurationPlatforms) = postSolution
		{0B520C87-4CFD-4A4D-ABD4-F87D26DF9AAD}.Debug|Win32.ActiveCfg = Debug|Win32
		{0B520C87-4CFD-4A4D-ABD4-F87D26DF9AAD}.Debug|Win32.Build.0 = Debug|Win32
		{0B520C87-4CFD-4A4D-ABD4-F87D26DF9AAD}.Release|Win32.ActiveCfg = Release|Win32
		{0B520C87-4CFD-4A4D-ABD4-F87D26DF9AAD}.Release|Win32.Build.0 = Release|Win32
		{B3F40368-F3CC-4EC5-A758-F5DAD08FEDDC}.Debug|Win32.ActiveCfg = Debug|Win32
		{B3F40368-F3CC-4EC5-A758-F5DAD08FEDDC}.Debug|Win32.Build.0 = Debug|Win32
		{B3F40368-F3CC-4EC5-A758-F5DAD08FEDDC}.Release|Win32.ActiveCfg = Release|Win32
		{B3F40368-F3CC-4EC5-A758-F5DAD08FEDDC}.Release|Win32.Build.0 = Release|Win32
		{CB7579F0-281E-4E06-BBC9-76F35D61A1D7}.Debug|Win32.ActiveCfg = Debug|Win32
		{CB7579F0-281E-4E06-BBC9-76F35D61A1D7}.Debug|Win32.Build.0 = Debug|Win32
		{CB7579F0-281E-4E06-BBC9-76F35D61A1D7}.Release|Win32.ActiveCfg = Release|Win32
		{CB7579F0-281E-4E06-BBC9-76F35D61A1D7}.Release|Win32.Build.0 = Release|Win32
		{0FC43A25-FB89-4258-849B-CB3C0A061E0D}.Debug|Win32.ActiveCfg = Debug|Win32
		{0FC43A25-FB89-4258-849B-CB3C0A061E0D}.Debug|Win32.Build.0 = Debug|Win32
		{0FC43A25-FB89-4258-849B-CB3C0A061E0D}.Release|Win32.ActiveCfg = Release|Win32
		{0FC43A25-FB89-4258-849B-CB3C0A061E0D}.Release|Win32.Build.0 = Release|Win32
		{DBD75B87-48F3-41D1-8694-1824F49B498B}.Debug|Win32.ActiveCfg = Debug|Win32
		{DBD75B87-48F3-41D1-8694-1824F49B498B}.Debug|Win32.Build.0 = Debug|Win32
		{DBD75B87-48F3-41D1-8694-1824F49B498B}.Release|Win32.ActiveCfg = Release|Win32
		{DBD75B87-48F3-41D1-8694-1824F49B498B}.Release|Win32.Build.0 = Release|Win32
		{A3791821-7C9C-4CF9-9B3F-CD9659C8D4C5}.Debug|Win32.ActiveCfg = Debug|Win32
		{A3791821-7C9C-4CF9-9B3F-CD9659C8D4C5}.Debug|Win32.Build.0 = Debug|Win32
		{A3791821-7C9C-4CF9-9B3F-CD9659C8D4C5}.Release|Win32.ActiveCfg = Release|Win32
		{A3791821-7C9C-4CF9-9B3F-CD9659C8D4C5}.Release|Win32.Build.0 = Release|Win32
	EndGlobalSection
	GlobalSection(SolutionProperties) = preSolution
		HideSolutionNode = FALSE
	EndGlobalSection
EndGlobal
